
Microsoft Visual Studio Solution File, Format Version 11.00
# Visual Studio 2010
Project("{FAE04EC0-301F-11D3-BF4B-00C04F79EFBC}") = "img2bmp32", "img2bmp32.csproj", "{9E18C803-EC39-443E-BD56-9C24616B79FC}"
EndProject
Global
	GlobalSection(SolutionConfigurationPlatforms) = preSolution
		Debug|Any CPU = Debug|Any CPU
		Release|Any CPU = Release|Any CPU
	EndGlobalSection
	GlobalSection(ProjectConfigurationPlatforms) = postSolution
		{9E18C803-EC39-443E-BD56-9C24616B79FC}.Debug|Any CPU.ActiveCfg = Debug|Any CPU
		{9E18C803-EC39-443E-BD56-9C24616B79FC}.Debug|Any CPU.Build.0 = Debug|Any CPU
		{9E18C803-EC39-443E-BD56-9C24616B79FC}.Release|Any CPU.ActiveCfg = Release|Any CPU
		{9E18C803-EC39-443E-BD56-9C24616B79FC}.Release|Any CPU.Build.0 = Release|Any CPU
	EndGlobalSection
	GlobalSection(SolutionProperties) = preSolution
		HideSolutionNode = FALSE
	EndGlobalSection
EndGlobal
